
Microsoft Visual Studio Solution File, Format Version 12.00
# Visual Studio Version 17
VisualStudioVersion = 17.10.35122.118
MinimumVisualStudioVersion = 10.0.40219.1
Project("{FAE04EC0-301F-11D3-BF4B-00C04F79EFBC}") = "TimeProject.Server", "TimeProject.Server\TimeProject.Server.csproj", "{7DEAF8CF-28D0-4E61-8293-9FB1AFB2AA8A}"
EndProject
Project("{54A90642-561A-4BB1-A94E-469ADEE60C69}") = "timeproject.client", "timeproject.client\timeproject.client.esproj", "{EE9DCF97-C39F-463C-A411-6BD6E5011E50}"
EndProject
Global
	GlobalSection(SolutionConfigurationPlatforms) = preSolution
		Debug|Any CPU = Debug|Any CPU
		Release|Any CPU = Release|Any CPU
	EndGlobalSection
	GlobalSection(ProjectConfigurationPlatforms) = postSolution
		{7DEAF8CF-28D0-4E61-8293-9FB1AFB2AA8A}.Debug|Any CPU.ActiveCfg = Debug|Any CPU
		{7DEAF8CF-28D0-4E61-8293-9FB1AFB2AA8A}.Debug|Any CPU.Build.0 = Debug|Any CPU
		{7DEAF8CF-28D0-4E61-8293-9FB1AFB2AA8A}.Release|Any CPU.ActiveCfg = Release|Any CPU
		{7DEAF8CF-28D0-4E61-8293-9FB1AFB2AA8A}.Release|Any CPU.Build.0 = Release|Any CPU
		{EE9DCF97-C39F-463C-A411-6BD6E5011E50}.Debug|Any CPU.ActiveCfg = Debug|Any CPU
		{EE9DCF97-C39F-463C-A411-6BD6E5011E50}.Debug|Any CPU.Build.0 = Debug|Any CPU
		{EE9DCF97-C39F-463C-A411-6BD6E5011E50}.Debug|Any CPU.Deploy.0 = Debug|Any CPU
		{EE9DCF97-C39F-463C-A411-6BD6E5011E50}.Release|Any CPU.ActiveCfg = Release|Any CPU
		{EE9DCF97-C39F-463C-A411-6BD6E5011E50}.Release|Any CPU.Build.0 = Release|Any CPU
		{EE9DCF97-C39F-463C-A411-6BD6E5011E50}.Release|Any CPU.Deploy.0 = Release|Any CPU
	EndGlobalSection
	GlobalSection(SolutionProperties) = preSolution
		HideSolutionNode = FALSE
	EndGlobalSection
	GlobalSection(ExtensibilityGlobals) = postSolution
		SolutionGuid = {F5D2DC0E-F8AB-49FC-B89D-E87FA2894230}
	EndGlobalSection
EndGlobal
